
Microsoft Visual Studio Solution File, Format Version 12.00
# Visual Studio Version 16
VisualStudioVersion = 16.0.31613.86
MinimumVisualStudioVersion = 10.0.40219.1
Project("{FAE04EC0-301F-11D3-BF4B-00C04F79EFBC}") = "StudentAndTeacher", "StudentAndTeacher.csproj", "{4E87ADFD-8840-4CBE-9F9C-A0D83358BD6B}"
EndProject
Global
	GlobalSection(SolutionConfigurationPlatforms) = preSolution
		Debug|Any CPU = Debug|Any CPU
		Release|Any CPU = Release|Any CPU
	EndGlobalSection
	GlobalSection(ProjectConfigurationPlatforms) = postSolution
		{4E87ADFD-8840-4CBE-9F9C-A0D83358BD6B}.Debug|Any CPU.ActiveCfg = Debug|Any CPU
		{4E87ADFD-8840-4CBE-9F9C-A0D83358BD6B}.Debug|Any CPU.Build.0 = Debug|Any CPU
		{4E87ADFD-8840-4CBE-9F9C-A0D83358BD6B}.Release|Any CPU.ActiveCfg = Release|Any CPU
		{4E87ADFD-8840-4CBE-9F9C-A0D83358BD6B}.Release|Any CPU.Build.0 = Release|Any CPU
	EndGlobalSection
	GlobalSection(SolutionProperties) = preSolution
		HideSolutionNode = FALSE
	EndGlobalSection
	GlobalSection(ExtensibilityGlobals) = postSolution
		SolutionGuid = {EA323BA3-6E29-463E-B922-C1249E7BED75}
	EndGlobalSection
EndGlobal
