
Microsoft Visual Studio Solution File, Format Version 12.00
# Visual Studio Version 16
VisualStudioVersion = 16.0.31424.327
MinimumVisualStudioVersion = 10.0.40219.1
Project("{FAE04EC0-301F-11D3-BF4B-00C04F79EFBC}") = "class", "class.csproj", "{F9253EC9-9935-4A8E-94C7-7E1387906AB8}"
EndProject
Project("{FAE04EC0-301F-11D3-BF4B-00C04F79EFBC}") = "Human", "..\Human\Human.csproj", "{5CB3FB39-2D3C-4B8C-AED9-BCAC26BA410A}"
EndProject
Global
	GlobalSection(SolutionConfigurationPlatforms) = preSolution
		Debug|Any CPU = Debug|Any CPU
		Release|Any CPU = Release|Any CPU
	EndGlobalSection
	GlobalSection(ProjectConfigurationPlatforms) = postSolution
		{F9253EC9-9935-4A8E-94C7-7E1387906AB8}.Debug|Any CPU.ActiveCfg = Debug|Any CPU
		{F9253EC9-9935-4A8E-94C7-7E1387906AB8}.Debug|Any CPU.Build.0 = Debug|Any CPU
		{F9253EC9-9935-4A8E-94C7-7E1387906AB8}.Release|Any CPU.ActiveCfg = Release|Any CPU
		{F9253EC9-9935-4A8E-94C7-7E1387906AB8}.Release|Any CPU.Build.0 = Release|Any CPU
		{5CB3FB39-2D3C-4B8C-AED9-BCAC26BA410A}.Debug|Any CPU.ActiveCfg = Debug|Any CPU
		{5CB3FB39-2D3C-4B8C-AED9-BCAC26BA410A}.Debug|Any CPU.Build.0 = Debug|Any CPU
		{5CB3FB39-2D3C-4B8C-AED9-BCAC26BA410A}.Release|Any CPU.ActiveCfg = Release|Any CPU
		{5CB3FB39-2D3C-4B8C-AED9-BCAC26BA410A}.Release|Any CPU.Build.0 = Release|Any CPU
	EndGlobalSection
	GlobalSection(SolutionProperties) = preSolution
		HideSolutionNode = FALSE
	EndGlobalSection
	GlobalSection(ExtensibilityGlobals) = postSolution
		SolutionGuid = {AF9A2E71-BA4A-4FE6-80C3-C8CDA33C2202}
	EndGlobalSection
EndGlobal
